// !$*UTF8*$!
{
	archiveVersion = 1;
	classes = {
	};
	objectVersion = 46;
	objects = {

/* Begin PBXBuildFile section */
		F220CD301E44B1AB0051CF4A /* String+localized.swift in Sources */ = {isa = PBXBuildFile; fileRef = F220CD2E1E44B1AB0051CF4A /* String+localized.swift */; };
		F220CD311E44B1AB0051CF4A /* UIAlertController.swift in Sources */ = {isa = PBXBuildFile; fileRef = F220CD2F1E44B1AB0051CF4A /* UIAlertController.swift */; };
		F220CD331E44B41C0051CF4A /* DispatchQueue+runningMain.swift in Sources */ = {isa = PBXBuildFile; fileRef = F220CD321E44B41C0051CF4A /* DispatchQueue+runningMain.swift */; };
		F2B61A9E1E44AE15003DF6DB /* AppDelegate.swift in Sources */ = {isa = PBXBuildFile; fileRef = F2B61A9D1E44AE15003DF6DB /* AppDelegate.swift */; };
		F2B61AA01E44AE15003DF6DB /* ViewController.swift in Sources */ = {isa = PBXBuildFile; fileRef = F2B61A9F1E44AE15003DF6DB /* ViewController.swift */; };
		F2B61AA31E44AE15003DF6DB /* Main.storyboard in Resources */ = {isa = PBXBuildFile; fileRef = F2B61AA11E44AE15003DF6DB /* Main.storyboard */; };
		F2B61AA51E44AE15003DF6DB /* Assets.xcassets in Resources */ = {isa = PBXBuildFile; fileRef = F2B61AA41E44AE15003DF6DB /* Assets.xcassets */; };
		F2B61AA81E44AE15003DF6DB /* LaunchScreen.storyboard in Resources */ = {isa = PBXBuildFile; fileRef = F2B61AA61E44AE15003DF6DB /* LaunchScreen.storyboard */; };
/* End PBXBuildFile section */

/* Begin PBXFileReference section */
		F220CD2E1E44B1AB0051CF4A /* String+localized.swift */ = {isa = PBXFileReference; fileEncoding = 4; lastKnownFileType = sourcecode.swift; path = "String+localized.swift"; sourceTree = "<group>"; };
		F220CD2F1E44B1AB0051CF4A /* UIAlertController.swift */ = {isa = PBXFileReference; fileEncoding = 4; lastKnownFileType = sourcecode.swift; path = UIAlertController.swift; sourceTree = "<group>"; };
		F220CD321E44B41C0051CF4A /* DispatchQueue+runningMain.swift */ = {isa = PBXFileReference; fileEncoding = 4; lastKnownFileType = sourcecode.swift; path = "DispatchQueue+runningMain.swift"; sourceTree = "<group>"; };
		F2B61A9A1E44AE15003DF6DB /* tiny.swift.app */ = {isa = PBXFileReference; explicitFileType = wrapper.application; includeInIndex = 0; path = tiny.swift.app; sourceTree = BUILT_PRODUCTS_DIR; };
		F2B61A9D1E44AE15003DF6DB /* AppDelegate.swift */ = {isa = PBXFileReference; lastKnownFileType = sourcecode.swift; path = AppDelegate.swift; sourceTree = "<group>"; };
		F2B61A9F1E44AE15003DF6DB /* ViewController.swift */ = {isa = PBXFileReference; lastKnownFileType = sourcecode.swift; path = ViewController.swift; sourceTree = "<group>"; };
		F2B61AA21E44AE15003DF6DB /* Base */ = {isa = PBXFileReference; lastKnownFileType = file.storyboard; name = Base; path = Base.lproj/Main.storyboard; sourceTree = "<group>"; };
		F2B61AA41E44AE15003DF6DB /* Assets.xcassets */ = {isa = PBXFileReference; lastKnownFileType = folder.assetcatalog; path = Assets.xcassets; sourceTree = "<group>"; };
		F2B61AA71E44AE15003DF6DB /* Base */ = {isa = PBXFileReference; lastKnownFileType = file.storyboard; name = Base; path = Base.lproj/LaunchScreen.storyboard; sourceTree = "<group>"; };
		F2B61AA91E44AE15003DF6DB /* Info.plist */ = {isa = PBXFileReference; lastKnownFileType = text.plist.xml; path = Info.plist; sourceTree = "<group>"; };
/* End PBXFileReference section */

/* Begin PBXFrameworksBuildPhase section */
		F2B61A971E44AE15003DF6DB /* Frameworks */ = {
			isa = PBXFrameworksBuildPhase;
			buildActionMask = 2147483647;
			files = (
			);
			runOnlyForDeploymentPostprocessing = 0;
		};
/* End PBXFrameworksBuildPhase section */

/* Begin PBXGroup section */
		F220CD2D1E44B1AB0051CF4A /* Sources */ = {
			isa = PBXGroup;
			children = (
				F220CD2E1E44B1AB0051CF4A /* String+localized.swift */,
				F220CD2F1E44B1AB0051CF4A /* UIAlertController.swift */,
				F220CD321E44B41C0051CF4A /* DispatchQueue+runningMain.swift */,
			);
			path = Sources;
			sourceTree = SOURCE_ROOT;
		};
		F2B61A911E44AE15003DF6DB = {
			isa = PBXGroup;
			children = (
				F2B61A9C1E44AE15003DF6DB /* tiny.swift */,
				F2B61A9B1E44AE15003DF6DB /* Products */,
			);
			sourceTree = "<group>";
		};
		F2B61A9B1E44AE15003DF6DB /* Products */ = {
			isa = PBXGroup;
			children = (
				F2B61A9A1E44AE15003DF6DB /* tiny.swift.app */,
			);
			name = Products;
			sourceTree = "<group>";
		};
		F2B61A9C1E44AE15003DF6DB /* tiny.swift */ = {
			isa = PBXGroup;
			children = (
				F220CD2D1E44B1AB0051CF4A /* Sources */,
				F2B61A9D1E44AE15003DF6DB /* AppDelegate.swift */,
				F2B61A9F1E44AE15003DF6DB /* ViewController.swift */,
				F2B61AA11E44AE15003DF6DB /* Main.storyboard */,
				F2B61AA41E44AE15003DF6DB /* Assets.xcassets */,
				F2B61AA61E44AE15003DF6DB /* LaunchScreen.storyboard */,
				F2B61AA91E44AE15003DF6DB /* Info.plist */,
			);
			path = tiny.swift;
			sourceTree = "<group>";
		};
/* End PBXGroup section */

/* Begin PBXNativeTarget section */
		F2B61A991E44AE15003DF6DB /* tiny.swift */ = {
			isa = PBXNativeTarget;
			buildConfigurationList = F2B61AAC1E44AE15003DF6DB /* Build configuration list for PBXNativeTarget "tiny.swift" */;
			buildPhases = (
				F2B61A961E44AE15003DF6DB /* Sources */,
				F2B61A971E44AE15003DF6DB /* Frameworks */,
				F2B61A981E44AE15003DF6DB /* Resources */,
			);
			buildRules = (
			);
			dependencies = (
			);
			name = tiny.swift;
			productName = tiny.swift;
			productReference = F2B61A9A1E44AE15003DF6DB /* tiny.swift.app */;
			productType = "com.apple.product-type.application";
		};
/* End PBXNativeTarget section */

/* Begin PBXProject section */
		F2B61A921E44AE15003DF6DB /* Project object */ = {
			isa = PBXProject;
			attributes = {
				LastSwiftUpdateCheck = 0820;
				LastUpgradeCheck = 0820;
				ORGANIZATIONNAME = YehYungCheng;
				TargetAttributes = {
					F2B61A991E44AE15003DF6DB = {
						CreatedOnToolsVersion = 8.2;
						ProvisioningStyle = Automatic;
					};
				};
			};
			buildConfigurationList = F2B61A951E44AE15003DF6DB /* Build configuration list for PBXProject "tiny.swift" */;
			compatibilityVersion = "Xcode 3.2";
			developmentRegion = English;
			hasScannedForEncodings = 0;
			knownRegions = (
				en,
				Base,
			);
			mainGroup = F2B61A911E44AE15003DF6DB;
			productRefGroup = F2B61A9B1E44AE15003DF6DB /* Products */;
			projectDirPath = "";
			projectRoot = "";
			targets = (
				F2B61A991E44AE15003DF6DB /* tiny.swift */,
			);
		};
/* End PBXProject section */

/* Begin PBXResourcesBuildPhase section */
		F2B61A981E44AE15003DF6DB /* Resources */ = {
			isa = PBXResourcesBuildPhase;
			buildActionMask = 2147483647;
			files = (
				F2B61AA81E44AE15003DF6DB /* LaunchScreen.storyboard in Resources */,
				F2B61AA51E44AE15003DF6DB /* Assets.xcassets in Resources */,
				F2B61AA31E44AE15003DF6DB /* Main.storyboard in Resources */,
			);
			runOnlyForDeploymentPostprocessing = 0;
		};
/* End PBXResourcesBuildPhase section */

/* Begin PBXSourcesBuildPhase section */
		F2B61A961E44AE15003DF6DB /* Sources */ = {
			isa = PBXSourcesBuildPhase;
			buildActionMask = 2147483647;
			files = (
				F220CD311E44B1AB0051CF4A /* UIAlertController.swift in Sources */,
				F220CD331E44B41C0051CF4A /* DispatchQueue+runningMain.swift in Sources */,
				F2B61AA01E44AE15003DF6DB /* ViewController.swift in Sources */,
				F220CD301E44B1AB0051CF4A /* String+localized.swift in Sources */,
				F2B61A9E1E44AE15003DF6DB /* AppDelegate.swift in Sources */,
			);
			runOnlyForDeploymentPostprocessing = 0;
		};
/* End PBXSourcesBuildPhase section */

/* Begin PBXVariantGroup section */
		F2B61AA11E44AE15003DF6DB /* Main.storyboard */ = {
			isa = PBXVariantGroup;
			children = (
				F2B61AA21E44AE15003DF6DB /* Base */,
			);
			name = Main.storyboard;
			sourceTree = "<group>";
		};
		F2B61AA61E44AE15003DF6DB /* LaunchScreen.storyboard */ = {
			isa = PBXVariantGroup;
			children = (
				F2B61AA71E44AE15003DF6DB /* Base */,
			);
			name = LaunchScreen.storyboard;
			sourceTree = "<group>";
		};
/* End PBXVariantGroup section */

/* Begin XCBuildConfiguration section */
		F2B61AAA1E44AE15003DF6DB /* Debug */ = {
			isa = XCBuildConfiguration;
			buildSettings = {
				ALWAYS_SEARCH_USER_PATHS = NO;
				CLANG_ANALYZER_NONNULL = YES;
				CLANG_CXX_LANGUAGE_STANDARD = "gnu++0x";
				CLANG_CXX_LIBRARY = "libc++";
				CLANG_ENABLE_MODULES = YES;
				CLANG_ENABLE_OBJC_ARC = YES;
				CLANG_WARN_BOOL_CONVERSION = YES;
				CLANG_WARN_CONSTANT_CONVERSION = YES;
				CLANG_WARN_DIRECT_OBJC_ISA_USAGE = YES_ERROR;
				CLANG_WARN_DOCUMENTATION_COMMENTS = YES;
				CLANG_WARN_EMPTY_BODY = YES;
				CLANG_WARN_ENUM_CONVERSION = YES;
				CLANG_WARN_INFINITE_RECURSION = YES;
				CLANG_WARN_INT_CONVERSION = YES;
				CLANG_WARN_OBJC_ROOT_CLASS = YES_ERROR;
				CLANG_WARN_SUSPICIOUS_MOVE = YES;
				CLANG_WARN_UNREACHABLE_CODE = YES;
				CLANG_WARN__DUPLICATE_METHOD_MATCH = YES;
				"CODE_SIGN_IDENTITY[sdk=iphoneos*]" = "iPhone Developer";
				COPY_PHASE_STRIP = NO;
				DEBUG_INFORMATION_FORMAT = dwarf;
				ENABLE_STRICT_OBJC_MSGSEND = YES;
				ENABLE_TESTABILITY = YES;
				GCC_C_LANGUAGE_STANDARD = gnu99;
				GCC_DYNAMIC_NO_PIC = NO;
				GCC_NO_COMMON_BLOCKS = YES;
				GCC_OPTIMIZATION_LEVEL = 0;
				GCC_PREPROCESSOR_DEFINITIONS = (
					"DEBUG=1",
					"$(inherited)",
				);
				GCC_WARN_64_TO_32_BIT_CONVERSION = YES;
				GCC_WARN_ABOUT_RETURN_TYPE = YES_ERROR;
				GCC_WARN_UNDECLARED_SELECTOR = YES;
				GCC_WARN_UNINITIALIZED_AUTOS = YES_AGGRESSIVE;
				GCC_WARN_UNUSED_FUNCTION = YES;
				GCC_WARN_UNUSED_VARIABLE = YES;
				IPHONEOS_DEPLOYMENT_TARGET = 10.2;
				MTL_ENABLE_DEBUG_INFO = YES;
				ONLY_ACTIVE_ARCH = YES;
				SDKROOT = iphoneos;
				SWIFT_ACTIVE_COMPILATION_CONDITIONS = DEBUG;
				SWIFT_OPTIMIZATION_LEVEL = "-Onone";
				TARGETED_DEVICE_FAMILY = "1,2";
			};
			name = Debug;
		};
		F2B61AAB1E44AE15003DF6DB /* Release */ = {
			isa = XCBuildConfiguration;
			buildSettings = {
				ALWAYS_SEARCH_USER_PATHS = NO;
				CLANG_ANALYZER_NONNULL = YES;
				CLANG_CXX_LANGUAGE_STANDARD = "gnu++0x";
				CLANG_CXX_LIBRARY = "libc++";
				CLANG_ENABLE_MODULES = YES;
				CLANG_ENABLE_OBJC_ARC = YES;
				CLANG_WARN_BOOL_CONVERSION = YES;
				CLANG_WARN_CONSTANT_CONVERSION = YES;
				CLANG_WARN_DIRECT_OBJC_ISA_USAGE = YES_ERROR;
				CLANG_WARN_DOCUMENTATION_COMMENTS = YES;
				CLANG_WARN_EMPTY_BODY = YES;
				CLANG_WARN_ENUM_CONVERSION = YES;
				CLANG_WARN_INFINITE_RECURSION = YES;
				CLANG_WARN_INT_CONVERSION = YES;
				CLANG_WARN_OBJC_ROOT_CLASS = YES_ERROR;
				CLANG_WARN_SUSPICIOUS_MOVE = YES;
				CLANG_WARN_UNREACHABLE_CODE = YES;
				CLANG_WARN__DUPLICATE_METHOD_MATCH = YES;
				"CODE_SIGN_IDENTITY[sdk=iphoneos*]" = "iPhone Developer";
				COPY_PHASE_STRIP = NO;
				DEBUG_INFORMATION_FORMAT = "dwarf-with-dsym";
				ENABLE_NS_ASSERTIONS = NO;
				ENABLE_STRICT_OBJC_MSGSEND = YES;
				GCC_C_LANGUAGE_STANDARD = gnu99;
				GCC_NO_COMMON_BLOCKS = YES;
				GCC_WARN_64_TO_32_BIT_CONVERSION = YES;
				GCC_WARN_ABOUT_RETURN_TYPE = YES_ERROR;
				GCC_WARN_UNDECLARED_SELECTOR = YES;
				GCC_WARN_UNINITIALIZED_AUTOS = YES_AGGRESSIVE;
				GCC_WARN_UNUSED_FUNCTION = YES;
				GCC_WARN_UNUSED_VARIABLE = YES;
				IPHONEOS_DEPLOYMENT_TARGET = 10.2;
				MTL_ENABLE_DEBUG_INFO = NO;
				SDKROOT = iphoneos;
				SWIFT_OPTIMIZATION_LEVEL = "-Owholemodule";
				TARGETED_DEVICE_FAMILY = "1,2";
				VALIDATE_PRODUCT = YES;
			};
			name = Release;
		};
		F2B61AAD1E44AE15003DF6DB /* Debug */ = {
			isa = XCBuildConfiguration;
			buildSettings = {
				ASSETCATALOG_COMPILER_APPICON_NAME = AppIcon;
				INFOPLIST_FILE = tiny.swift/Info.plist;
				LD_RUNPATH_SEARCH_PATHS = "$(inherited) @executable_path/Frameworks";
				PRODUCT_BUNDLE_IDENTIFIER = "app.yyc.tiny-swift";
				PRODUCT_NAME = "$(TARGET_NAME)";
				SWIFT_VERSION = 3.0;
			};
			name = Debug;
		};
		F2B61AAE1E44AE15003DF6DB /* Release */ = {
			isa = XCBuildConfiguration;
			buildSettings = {
				ASSETCATALOG_COMPILER_APPICON_NAME = AppIcon;
				INFOPLIST_FILE = tiny.swift/Info.plist;
				LD_RUNPATH_SEARCH_PATHS = "$(inherited) @executable_path/Frameworks";
				PRODUCT_BUNDLE_IDENTIFIER = "app.yyc.tiny-swift";
				PRODUCT_NAME = "$(TARGET_NAME)";
				SWIFT_VERSION = 3.0;
			};
			name = Release;
		};
/* End XCBuildConfiguration section */

/* Begin XCConfigurationList section */
		F2B61A951E44AE15003DF6DB /* Build configuration list for PBXProject "tiny.swift" */ = {
			isa = XCConfigurationList;
			buildConfigurations = (
				F2B61AAA1E44AE15003DF6DB /* Debug */,
				F2B61AAB1E44AE15003DF6DB /* Release */,
			);
			defaultConfigurationIsVisible = 0;
			defaultConfigurationName = Release;
		};
		F2B61AAC1E44AE15003DF6DB /* Build configuration list for PBXNativeTarget "tiny.swift" */ = {
			isa = XCConfigurationList;
			buildConfigurations = (
				F2B61AAD1E44AE15003DF6DB /* Debug */,
				F2B61AAE1E44AE15003DF6DB /* Release */,
			);
			defaultConfigurationIsVisible = 0;
			defaultConfigurationName = Release;
		};
/* End XCConfigurationList section */
	};
	rootObject = F2B61A921E44AE15003DF6DB /* Project object */;
}
